
Microsoft Visual Studio Solution File, Format Version 11.00
# Visual C# Express 2010
Project("{FAE04EC0-301F-11D3-BF4B-00C04F79EFBC}") = "WindowsGame1", "WindowsGame1\WindowsGame1\WindowsGame1.csproj", "{81ABA3FC-987D-4690-B998-C7F742F97F9F}"
EndProject
Project("{96E2B04D-8817-42C6-938A-82C39BA4D311}") = "WindowsGame1Content", "WindowsGame1\WindowsGame1Content\WindowsGame1Content.contentproj", "{87E5569E-BABD-44E3-B512-BCE358728017}"
EndProject
Global
	GlobalSection(SolutionConfigurationPlatforms) = preSolution
		Debug|x86 = Debug|x86
		Release|x86 = Release|x86
	EndGlobalSection
	GlobalSection(ProjectConfigurationPlatforms) = postSolution
		{81ABA3FC-987D-4690-B998-C7F742F97F9F}.Debug|x86.ActiveCfg = Debug|x86
		{81ABA3FC-987D-4690-B998-C7F742F97F9F}.Debug|x86.Build.0 = Debug|x86
		{81ABA3FC-987D-4690-B998-C7F742F97F9F}.Release|x86.ActiveCfg = Release|x86
		{81ABA3FC-987D-4690-B998-C7F742F97F9F}.Release|x86.Build.0 = Release|x86
		{87E5569E-BABD-44E3-B512-BCE358728017}.Debug|x86.ActiveCfg = Debug|x86
		{87E5569E-BABD-44E3-B512-BCE358728017}.Release|x86.ActiveCfg = Release|x86
	EndGlobalSection
	GlobalSection(SolutionProperties) = preSolution
		HideSolutionNode = FALSE
	EndGlobalSection
EndGlobal
